{
  "name": "bot",
  "version": "1.0.0",
  "lockfileVersion": 3,
  "requires": true,
  "packages": {
    "": {
      "name": "bot",
      "version": "1.0.0",
      "license": "ISC",
      "dependencies": {
        "discord-api-types": "^0.38.31",
        "discord-interactions": "^4.4.0",
        "openai": "^6.6.0"
      },
      "devDependencies": {
        "@cloudflare/workers-types": "^4.20251014.0"
      }
    },
    "node_modules/@cloudflare/workers-types": {
      "version": "4.20251014.0",
      "resolved": "https://registry.npmjs.org/@cloudflare/workers-types/-/workers-types-4.20251014.0.tgz",
      "integrity": "sha512-tEW98J/kOa0TdylIUOrLKRdwkUw0rvvYVlo+Ce0mqRH3c8kSoxLzUH9gfCvwLe0M89z1RkzFovSKAW2Nwtyn3w==",
      "dev": true,
      "license": "MIT OR Apache-2.0"
    },
    "node_modules/discord-api-types": {
      "version": "0.38.31",
      "resolved": "https://registry.npmjs.org/discord-api-types/-/discord-api-types-0.38.31.tgz",
      "integrity": "sha512-kC94ANsk8ackj8ENTuO8joTNEL0KtymVhHy9dyEC/s4QAZ7GCx40dYEzQaadyo8w+oP0X8QydE/nzAWRylTGtQ==",
      "license": "MIT",
      "workspaces": [
        "scripts/actions/documentation"
      ]
    },
    "node_modules/discord-interactions": {
      "version": "4.4.0",
      "resolved": "https://registry.npmjs.org/discord-interactions/-/discord-interactions-4.4.0.tgz",
      "integrity": "sha512-jjJx8iwAeJcj8oEauV43fue9lNqkf38fy60aSs2+G8D1nJmDxUIrk08o3h0F3wgwuBWWJUZO+X/VgfXsxpCiJA==",
      "license": "MIT",
      "engines": {
        "node": ">=18.4.0"
      }
    },
    "node_modules/openai": {
      "version": "6.6.0",
      "resolved": "https://registry.npmjs.org/openai/-/openai-6.6.0.tgz",
      "integrity": "sha512-1yWk4cBsHF5Bq9TreHYOHY7pbqdlT74COnm8vPx7WKn36StS+Hyk8DdAitnLaw67a5Cudkz5EmlFQjSrNnrA2w==",
      "license": "Apache-2.0",
      "bin": {
        "openai": "bin/cli"
      },
      "peerDependencies": {
        "ws": "^8.18.0",
        "zod": "^3.25 || ^4.0"
      },
      "peerDependenciesMeta": {
        "ws": {
          "optional": true
        },
        "zod": {
          "optional": true
        }
      }
    }
  }
}
